
Microsoft Visual Studio Solution File, Format Version 12.00
# Visual Studio Version 16
VisualStudioVersion = 16.0.31911.196
MinimumVisualStudioVersion = 10.0.40219.1
Project("{FAE04EC0-301F-11D3-BF4B-00C04F79EFBC}") = "student details", "student details\student details.csproj", "{F401A967-7A90-4454-84F8-FA21FF605E66}"
EndProject
Global
	GlobalSection(SolutionConfigurationPlatforms) = preSolution
		Debug|Any CPU = Debug|Any CPU
		Release|Any CPU = Release|Any CPU
	EndGlobalSection
	GlobalSection(ProjectConfigurationPlatforms) = postSolution
		{F401A967-7A90-4454-84F8-FA21FF605E66}.Debug|Any CPU.ActiveCfg = Debug|Any CPU
		{F401A967-7A90-4454-84F8-FA21FF605E66}.Debug|Any CPU.Build.0 = Debug|Any CPU
		{F401A967-7A90-4454-84F8-FA21FF605E66}.Release|Any CPU.ActiveCfg = Release|Any CPU
		{F401A967-7A90-4454-84F8-FA21FF605E66}.Release|Any CPU.Build.0 = Release|Any CPU
	EndGlobalSection
	GlobalSection(SolutionProperties) = preSolution
		HideSolutionNode = FALSE
	EndGlobalSection
	GlobalSection(ExtensibilityGlobals) = postSolution
		SolutionGuid = {0DEB8345-19AD-49F3-B5A1-38A8EA8319D1}
	EndGlobalSection
EndGlobal
